// !$*UTF8*$!
{
	archiveVersion = 1;
	classes = {
	};
	objectVersion = 77;
	objects = {

/* Begin PBXBuildFile section */
		13BCC10E2C1CAA3689C3E672 /* HistoryDetailView.swift in Sources */ = {isa = PBXBuildFile; fileRef = D4EDC252ED2FD43DA3FF2FC2 /* HistoryDetailView.swift */; };
		147F5BFD6741CAF308020B15 /* Phase27ListingWorkspaceTests.swift in Sources */ = {isa = PBXBuildFile; fileRef = 9CE183516F25380F56C12048 /* Phase27ListingWorkspaceTests.swift */; };
		186A9D494D39DE24C0A2F064 /* KeychainEtsyCredentialStore.swift in Sources */ = {isa = PBXBuildFile; fileRef = 73CCB463D9F8954A41B30389 /* KeychainEtsyCredentialStore.swift */; };
		1A064F5E4FE6B962F06F9AA6 /* ListingQueueView.swift in Sources */ = {isa = PBXBuildFile; fileRef = 7AE5A580A0135FC74238334A /* ListingQueueView.swift */; };
		1C3DCE8327B605606DDDAD99 /* ListingQueueEntry.swift in Sources */ = {isa = PBXBuildFile; fileRef = 2FE44C1F5D51637762E22557 /* ListingQueueEntry.swift */; };
		20C0DB8564D9A4846982AD22 /* HistoryView.swift in Sources */ = {isa = PBXBuildFile; fileRef = A71AA6F7AE79A72B0BD6E5E4 /* HistoryView.swift */; };
		2177950BC7FA894C3B3ACBDB /* ImportedOriginal.swift in Sources */ = {isa = PBXBuildFile; fileRef = 2B9C86933ACBA56343122F69 /* ImportedOriginal.swift */; };
		2973872DBEDFF649CA9E828F /* PhotoPlanSupport.swift in Sources */ = {isa = PBXBuildFile; fileRef = BA1B330994CDA7B6764522D4 /* PhotoPlanSupport.swift */; };
		2CA9E2EF9EB2ADD3996498D3 /* Phase25ListingQueueTests.swift in Sources */ = {isa = PBXBuildFile; fileRef = 0ABACC088E89419079F48CBD /* Phase25ListingQueueTests.swift */; };
		2DBB1B09450A8BE6BF50DBB2 /* DarkroomTheme.swift in Sources */ = {isa = PBXBuildFile; fileRef = 3DE8B55FC24105A0D6D9E30C /* DarkroomTheme.swift */; };
		33D8915A5A3DEF67AF15FB51 /* Phase31AIListingAssistantTests.swift in Sources */ = {isa = PBXBuildFile; fileRef = 345AE1E4F9A1186FDB551B4E /* Phase31AIListingAssistantTests.swift */; };
		34F526F95E691946E58EB149 /* Phase30ListingInformationTests.swift in Sources */ = {isa = PBXBuildFile; fileRef = F1656D4924593F22F330434F /* Phase30ListingInformationTests.swift */; };
		38274EE9F9337528E8075207 /* ListingInformationView.swift in Sources */ = {isa = PBXBuildFile; fileRef = 7A0073A2C74962620DD93245 /* ListingInformationView.swift */; };
		3A41044C5E734D54DAD3B1EA /* SellerDefaults.swift in Sources */ = {isa = PBXBuildFile; fileRef = BFBCC2E77ABF1EFB4C8F41FE /* SellerDefaults.swift */; };
		41AD913F4814BE8021B5754A /* ActivityShareView.swift in Sources */ = {isa = PBXBuildFile; fileRef = 527E1C2043B1047520D68D7F /* ActivityShareView.swift */; };
		42CB7915D48665E9ECD06B44 /* HomeView.swift in Sources */ = {isa = PBXBuildFile; fileRef = 4AE9E95DE5571028873EC4AF /* HomeView.swift */; };
		434BCC956070908A35127B78 /* Phase32ProductIntakeTests.swift in Sources */ = {isa = PBXBuildFile; fileRef = 8A72562DFA79CD8E3BAF2377 /* Phase32ProductIntakeTests.swift */; };
		46A91C2E8F0B4D1A9C7E3B55 /* Phase33SellerExportPresetClarityTests.swift in Sources */ = {isa = PBXBuildFile; fileRef = B7E4D91A2C5F8046E1A93D20 /* Phase33SellerExportPresetClarityTests.swift */; };
		A1F34E0C9D2B7A815E604C33 /* Phase34ExportCanvasCheckTests.swift in Sources */ = {isa = PBXBuildFile; fileRef = D4C34E0C9D2B7A815E604C33 /* Phase34ExportCanvasCheckTests.swift */; };
		46F08E9EC63C9510FA8487A7 /* SettingsView.swift in Sources */ = {isa = PBXBuildFile; fileRef = EFD55D6B6CE4D9FE8FCDC00D /* SettingsView.swift */; };
		5D17450C661960970907DB91 /* ListingExport.swift in Sources */ = {isa = PBXBuildFile; fileRef = ACF84D49672B068C0B6DCB6C /* ListingExport.swift */; };
		6120911F9FEA18ADFC924D81 /* EtsyCredentials.swift in Sources */ = {isa = PBXBuildFile; fileRef = 1F229036218D3F74F3E5E6A3 /* EtsyCredentials.swift */; };
		62D1568666E7DDA1F7A1A305 /* ProjectDetailView.swift in Sources */ = {isa = PBXBuildFile; fileRef = D9A2BBD4AE031D21A7AEFEED /* ProjectDetailView.swift */; };
		6723677C989976B29DD63F74 /* AIListingAssistantView.swift in Sources */ = {isa = PBXBuildFile; fileRef = 348D440EDC63C0DBBA483372 /* AIListingAssistantView.swift */; };
		681E3CE88EB8305436BDDF11 /* ProjectCameraCaptureView.swift in Sources */ = {isa = PBXBuildFile; fileRef = 71A94BD4FA56A0BA330EAC11 /* ProjectCameraCaptureView.swift */; };
		68B2E3CE1F17E60737386845 /* EtsyOAuthConfig.swift in Sources */ = {isa = PBXBuildFile; fileRef = 4EC8E29E5727D563671A025E /* EtsyOAuthConfig.swift */; };
		697A57C8E81EA9212186273D /* ListingPackage.swift in Sources */ = {isa = PBXBuildFile; fileRef = 6485F76F5CDD0A11BF183D6D /* ListingPackage.swift */; };
		6AB2C52EDC7BCAE31F103407 /* ImageEditing.swift in Sources */ = {isa = PBXBuildFile; fileRef = 78FF14417E2842656688CB66 /* ImageEditing.swift */; };
		6D32F508728D05BDC7D2A55F /* Phase22PersistenceTests.swift in Sources */ = {isa = PBXBuildFile; fileRef = F611824C3BEDC74D21636341 /* Phase22PersistenceTests.swift */; };
		6E1C48CD52304058FDDF0E3D /* PhotoEditState.swift in Sources */ = {isa = PBXBuildFile; fileRef = C4A655C173817CF80C2BE2CE /* PhotoEditState.swift */; };
		73E5BBB1BAC9B18691F7B1CA /* ContentView.swift in Sources */ = {isa = PBXBuildFile; fileRef = F98B712D484B5D3EE86F5FE0 /* ContentView.swift */; };
		7A34D33F1A52A53428C6FB53 /* Phase28SellerDefaultsTests.swift in Sources */ = {isa = PBXBuildFile; fileRef = CD44AB8EAAA06AFD83F0AC72 /* Phase28SellerDefaultsTests.swift */; };
		7E16A03B764012C42482C6F9 /* SellerDefaultsSettingsSection.swift in Sources */ = {isa = PBXBuildFile; fileRef = 5C627738D775232976F1DA7E /* SellerDefaultsSettingsSection.swift */; };
		816E36811A358FC47422DA3E /* AIPreparationRecord.swift in Sources */ = {isa = PBXBuildFile; fileRef = 39816F3523F3BACAECC17078 /* AIPreparationRecord.swift */; };
		8382F30329CA249C13D7C767 /* StubEtsyConnectionService.swift in Sources */ = {isa = PBXBuildFile; fileRef = CB010C324DDD0EC29CAAB723 /* StubEtsyConnectionService.swift */; };
		83EB9B6BBDED5974EADABE43 /* SavedEdit.swift in Sources */ = {isa = PBXBuildFile; fileRef = 2A2F3F0328410ACBFCBFED4A /* SavedEdit.swift */; };
		853A21D5167D96CAE1517B09 /* LocalEditStore.swift in Sources */ = {isa = PBXBuildFile; fileRef = 02DD5976E6D94F16895084C6 /* LocalEditStore.swift */; };
		8DFA0353A73BB5ABC394FA3F /* AIListingProvider.swift in Sources */ = {isa = PBXBuildFile; fileRef = 632185323A43BD606EFD9DD4 /* AIListingProvider.swift */; };
		92A428B73276C887EE16D2AE /* EditView.swift in Sources */ = {isa = PBXBuildFile; fileRef = 37E39DEAD9D7FB54BC862B66 /* EditView.swift */; };
		93BB959091B7B796D23C25B2 /* Phase23ListingDraftTests.swift in Sources */ = {isa = PBXBuildFile; fileRef = 36D43552851F89D8B06BDE18 /* Phase23ListingDraftTests.swift */; };
		989330557265DF546AB548A8 /* ListingInformationSupport.swift in Sources */ = {isa = PBXBuildFile; fileRef = 1940B653A73AF144809FD83E /* ListingInformationSupport.swift */; };
		9B36B7A23DFC2D3A45812F6B /* ProjectsView.swift in Sources */ = {isa = PBXBuildFile; fileRef = 1A454A110D2B0140A35901E3 /* ProjectsView.swift */; };
		A05E5607B533CDC8750C3345 /* EtsyConnecting.swift in Sources */ = {isa = PBXBuildFile; fileRef = F71020D97DFB91E252E64BE5 /* EtsyConnecting.swift */; };
		A18D69787D889F99178B30B0 /* ItemProject.swift in Sources */ = {isa = PBXBuildFile; fileRef = 97EEA04BA7B6FA559052DC45 /* ItemProject.swift */; };
		A282122F20C3F9470491399F /* ImportView.swift in Sources */ = {isa = PBXBuildFile; fileRef = A10B75773A5CCD794585AA14 /* ImportView.swift */; };
		A406B4A5BD124E5F12E27CD9 /* BulkEditPhotosView.swift in Sources */ = {isa = PBXBuildFile; fileRef = 3A41E878675A94062526BEA0 /* BulkEditPhotosView.swift */; };
		A505992543C603AB3A9D960C /* Phase24EtsyConnectionTests.swift in Sources */ = {isa = PBXBuildFile; fileRef = EA17D35E6CA934AC7DC75465 /* Phase24EtsyConnectionTests.swift */; };
		A977E30A15925B3E2AFE7887 /* Assets.xcassets in Resources */ = {isa = PBXBuildFile; fileRef = 0DBDA711F6AF00A20CECD692 /* Assets.xcassets */; };
		AD9AE07102BD7F5E5CDC19F0 /* OriginalDetailView.swift in Sources */ = {isa = PBXBuildFile; fileRef = C0B8427BE901DB4798F39B72 /* OriginalDetailView.swift */; };
		B492C2E931E3CA51E4936D28 /* MockEtsyConnectionService.swift in Sources */ = {isa = PBXBuildFile; fileRef = C8C102A8BE99576F4E682AB5 /* MockEtsyConnectionService.swift */; };
		B5431083A4397055CD778A0D /* ListingWorkspaceView.swift in Sources */ = {isa = PBXBuildFile; fileRef = EAF7E07AA3165CE87450949A /* ListingWorkspaceView.swift */; };
		C29C38D08CF8024286B00AB9 /* ProductIntakeView.swift in Sources */ = {isa = PBXBuildFile; fileRef = 81FA21B8B16095F02340C96B /* ProductIntakeView.swift */; };
		C3B6FAB768E66AA2D4DC7AB0 /* YofaiModelSchema.swift in Sources */ = {isa = PBXBuildFile; fileRef = E51C5326458F9E10E5524213 /* YofaiModelSchema.swift */; };
		C68CBDA02767C26AE4ACF140 /* ListingQueueSupport.swift in Sources */ = {isa = PBXBuildFile; fileRef = 4F37C5BE7AD5640A0A18BF3E /* ListingQueueSupport.swift */; };
		D9C0F377A1F4F73F3C76293C /* EtsyConnectionState.swift in Sources */ = {isa = PBXBuildFile; fileRef = 31BC0E9FA7F11A894BE8A892 /* EtsyConnectionState.swift */; };
		E08F79CBDB34E00E032A5C10 /* Phase26BatchExportTests.swift in Sources */ = {isa = PBXBuildFile; fileRef = 60678C8A0E19EFB9ED12A39B /* Phase26BatchExportTests.swift */; };
		E213D657A70F232B0F015B1A /* EtsyShopSettingsSection.swift in Sources */ = {isa = PBXBuildFile; fileRef = 5D78441D87AC5BB31B58B368 /* EtsyShopSettingsSection.swift */; };
		EA1720C3543EA076667F02FF /* Phase29BulkEditAndPackageTests.swift in Sources */ = {isa = PBXBuildFile; fileRef = DE196A020E7CCA6FD2305243 /* Phase29BulkEditAndPackageTests.swift */; };
		EBC5B8BE765326802B1DCCF7 /* ProjectExportBatch.swift in Sources */ = {isa = PBXBuildFile; fileRef = F483BF5F43BC4B35DFF1DDB9 /* ProjectExportBatch.swift */; };
		F37541F4B0D0AE123620B14F /* OriginalsView.swift in Sources */ = {isa = PBXBuildFile; fileRef = 5C68E38A2BCFD243B657D1D5 /* OriginalsView.swift */; };
		F3F30DE5B9C50F815D7B60AF /* FreeformCropView.swift in Sources */ = {isa = PBXBuildFile; fileRef = 28C1784212753AA8E4F70C92 /* FreeformCropView.swift */; };
		A8B38F20D1E4056C7F18A901 /* FillCropRepositionView.swift in Sources */ = {isa = PBXBuildFile; fileRef = B8B38F20D1E4056C7F18A901 /* FillCropRepositionView.swift */; };
		E9C39A30F2A6178E9B30C123 /* MarketplaceExportSupport.swift in Sources */ = {isa = PBXBuildFile; fileRef = F9C39A30F2A6178E9B30C123 /* MarketplaceExportSupport.swift */; };
		E9C39A31F2A6178E9B30C124 /* ExportPreviewCard.swift in Sources */ = {isa = PBXBuildFile; fileRef = F9C39A31F2A6178E9B30C124 /* ExportPreviewCard.swift */; };
		E9C40A32F3B7289F0C41D235 /* ExportHistorySection.swift in Sources */ = {isa = PBXBuildFile; fileRef = F9C40A32F3B7289F0C41D235 /* ExportHistorySection.swift */; };
		E9C41A33F4C8390A1D52E346 /* ExportHistorySupport.swift in Sources */ = {isa = PBXBuildFile; fileRef = F9C41A33F4C8390A1D52E346 /* ExportHistorySupport.swift */; };
		E9C42A34F5A5B2C3D74E5671 /* ExportReadinessChecklistSection.swift in Sources */ = {isa = PBXBuildFile; fileRef = F9C42A34F5A5B2C3D74E5671 /* ExportReadinessChecklistSection.swift */; };
		A9D42B433EA5B2C3D74E5672 /* Phase42ExportReadinessChecklistTests.swift in Sources */ = {isa = PBXBuildFile; fileRef = B9D42B433EA5B2C3D74E5672 /* Phase42ExportReadinessChecklistTests.swift */; };
		F544B5403F50164293B87F83 /* YofaiApp.swift in Sources */ = {isa = PBXBuildFile; fileRef = 013F0E7F2A74F2FCDBB01476 /* YofaiApp.swift */; };
		F786C905F860BFCE15CD77F8 /* BulkEditSupport.swift in Sources */ = {isa = PBXBuildFile; fileRef = 5B5B9C85A8EDD77D3B1F7922 /* BulkEditSupport.swift */; };
		FADF9F3019C73426C062D788 /* ProjectBatchExporter.swift in Sources */ = {isa = PBXBuildFile; fileRef = EB0FED065E54BEA3BC57F39B /* ProjectBatchExporter.swift */; };
		E35A0B1C7D4E9021F6A85C35 /* SellerNavigationSupport.swift in Sources */ = {isa = PBXBuildFile; fileRef = C35A0B1C7D4E9021F6A85C35 /* SellerNavigationSupport.swift */; };
		F1A35B2D8E5C0132A7B96D46 /* Phase35SellerFirstNavigationTests.swift in Sources */ = {isa = PBXBuildFile; fileRef = D1A35B2D8E5C0132A7B96D46 /* Phase35SellerFirstNavigationTests.swift */; };
		B2C36D4E9F6A1243B8C07E57 /* Phase36VerifiedMarketplaceExportPresetsTests.swift in Sources */ = {isa = PBXBuildFile; fileRef = C2C36D4E9F6A1243B8C07E57 /* Phase36VerifiedMarketplaceExportPresetsTests.swift */; };
		E7A37F19C8D2045B6E07F68A /* Phase37ExportFitModeTests.swift in Sources */ = {isa = PBXBuildFile; fileRef = F7A37F19C8D2045B6E07F68A /* Phase37ExportFitModeTests.swift */; };
		C8B38F21E2F5067D8A29B012 /* Phase38FillCropRepositionTests.swift in Sources */ = {isa = PBXBuildFile; fileRef = D8B38F21E2F5067D8A29B012 /* Phase38FillCropRepositionTests.swift */; };
		A9D39B403B7289F0C41D234E /* Phase39MarketplaceExportExpansionTests.swift in Sources */ = {isa = PBXBuildFile; fileRef = B9D39B403B7289F0C41D234E /* Phase39MarketplaceExportExpansionTests.swift */; };
		A9D40B413C8390A1D52E345F /* Phase40ExportBatchHistoryTests.swift in Sources */ = {isa = PBXBuildFile; fileRef = B9D40B413C8390A1D52E345F /* Phase40ExportBatchHistoryTests.swift */; };
		A9D41B423D94A1B2E63F4560 /* Phase41ExportHistoryFiltersCompareTests.swift in Sources */ = {isa = PBXBuildFile; fileRef = B9D41B423D94A1B2E63F4560 /* Phase41ExportHistoryFiltersCompareTests.swift */; };
/* End PBXBuildFile section */

/* Begin PBXContainerItemProxy section */
		A2B9092B4CDD1BF2C478DAD8 /* PBXContainerItemProxy */ = {
			isa = PBXContainerItemProxy;
			containerPortal = 290C70EA9D09117AED8F3926 /* Project object */;
			proxyType = 1;
			remoteGlobalIDString = CC5163075503A5D923422B41;
			remoteInfo = Yofai;
		};
/* End PBXContainerItemProxy section */

/* Begin PBXFileReference section */
		0073766B51CD27E4EA070322 /* YofaiTests.xctest */ = {isa = PBXFileReference; includeInIndex = 0; lastKnownFileType = wrapper.cfbundle; path = YofaiTests.xctest; sourceTree = BUILT_PRODUCTS_DIR; };
		013F0E7F2A74F2FCDBB01476 /* YofaiApp.swift */ = {isa = PBXFileReference; lastKnownFileType = sourcecode.swift; path = YofaiApp.swift; sourceTree = "<group>"; };
		02DD5976E6D94F16895084C6 /* LocalEditStore.swift */ = {isa = PBXFileReference; lastKnownFileType = sourcecode.swift; path = LocalEditStore.swift; sourceTree = "<group>"; };
		0ABACC088E89419079F48CBD /* Phase25ListingQueueTests.swift */ = {isa = PBXFileReference; lastKnownFileType = sourcecode.swift; path = Phase25ListingQueueTests.swift; sourceTree = "<group>"; };
		0DBDA711F6AF00A20CECD692 /* Assets.xcassets */ = {isa = PBXFileReference; lastKnownFileType = folder.assetcatalog; path = Assets.xcassets; sourceTree = "<group>"; };
		1940B653A73AF144809FD83E /* ListingInformationSupport.swift */ = {isa = PBXFileReference; lastKnownFileType = sourcecode.swift; path = ListingInformationSupport.swift; sourceTree = "<group>"; };
		1A454A110D2B0140A35901E3 /* ProjectsView.swift */ = {isa = PBXFileReference; lastKnownFileType = sourcecode.swift; path = ProjectsView.swift; sourceTree = "<group>"; };
		1F229036218D3F74F3E5E6A3 /* EtsyCredentials.swift */ = {isa = PBXFileReference; lastKnownFileType = sourcecode.swift; path = EtsyCredentials.swift; sourceTree = "<group>"; };
		28C1784212753AA8E4F70C92 /* FreeformCropView.swift */ = {isa = PBXFileReference; lastKnownFileType = sourcecode.swift; path = FreeformCropView.swift; sourceTree = "<group>"; };
		B8B38F20D1E4056C7F18A901 /* FillCropRepositionView.swift */ = {isa = PBXFileReference; lastKnownFileType = sourcecode.swift; path = FillCropRepositionView.swift; sourceTree = "<group>"; };
		F9C39A30F2A6178E9B30C123 /* MarketplaceExportSupport.swift */ = {isa = PBXFileReference; lastKnownFileType = sourcecode.swift; path = MarketplaceExportSupport.swift; sourceTree = "<group>"; };
		F9C39A31F2A6178E9B30C124 /* ExportPreviewCard.swift */ = {isa = PBXFileReference; lastKnownFileType = sourcecode.swift; path = ExportPreviewCard.swift; sourceTree = "<group>"; };
		F9C40A32F3B7289F0C41D235 /* ExportHistorySection.swift */ = {isa = PBXFileReference; lastKnownFileType = sourcecode.swift; path = ExportHistorySection.swift; sourceTree = "<group>"; };
		F9C41A33F4C8390A1D52E346 /* ExportHistorySupport.swift */ = {isa = PBXFileReference; lastKnownFileType = sourcecode.swift; path = ExportHistorySupport.swift; sourceTree = "<group>"; };
		F9C42A34F5A5B2C3D74E5671 /* ExportReadinessChecklistSection.swift */ = {isa = PBXFileReference; lastKnownFileType = sourcecode.swift; path = ExportReadinessChecklistSection.swift; sourceTree = "<group>"; };
		B9D42B433EA5B2C3D74E5672 /* Phase42ExportReadinessChecklistTests.swift */ = {isa = PBXFileReference; lastKnownFileType = sourcecode.swift; path = Phase42ExportReadinessChecklistTests.swift; sourceTree = "<group>"; };
		2A2F3F0328410ACBFCBFED4A /* SavedEdit.swift */ = {isa = PBXFileReference; lastKnownFileType = sourcecode.swift; path = SavedEdit.swift; sourceTree = "<group>"; };
		2B9C86933ACBA56343122F69 /* ImportedOriginal.swift */ = {isa = PBXFileReference; lastKnownFileType = sourcecode.swift; path = ImportedOriginal.swift; sourceTree = "<group>"; };
		2FE44C1F5D51637762E22557 /* ListingQueueEntry.swift */ = {isa = PBXFileReference; lastKnownFileType = sourcecode.swift; path = ListingQueueEntry.swift; sourceTree = "<group>"; };
		31BC0E9FA7F11A894BE8A892 /* EtsyConnectionState.swift */ = {isa = PBXFileReference; lastKnownFileType = sourcecode.swift; path = EtsyConnectionState.swift; sourceTree = "<group>"; };
		345AE1E4F9A1186FDB551B4E /* Phase31AIListingAssistantTests.swift */ = {isa = PBXFileReference; lastKnownFileType = sourcecode.swift; path = Phase31AIListingAssistantTests.swift; sourceTree = "<group>"; };
		348D440EDC63C0DBBA483372 /* AIListingAssistantView.swift */ = {isa = PBXFileReference; lastKnownFileType = sourcecode.swift; path = AIListingAssistantView.swift; sourceTree = "<group>"; };
		36D43552851F89D8B06BDE18 /* Phase23ListingDraftTests.swift */ = {isa = PBXFileReference; lastKnownFileType = sourcecode.swift; path = Phase23ListingDraftTests.swift; sourceTree = "<group>"; };
		37E39DEAD9D7FB54BC862B66 /* EditView.swift */ = {isa = PBXFileReference; lastKnownFileType = sourcecode.swift; path = EditView.swift; sourceTree = "<group>"; };
		39816F3523F3BACAECC17078 /* AIPreparationRecord.swift */ = {isa = PBXFileReference; lastKnownFileType = sourcecode.swift; path = AIPreparationRecord.swift; sourceTree = "<group>"; };
		3A41E878675A94062526BEA0 /* BulkEditPhotosView.swift */ = {isa = PBXFileReference; lastKnownFileType = sourcecode.swift; path = BulkEditPhotosView.swift; sourceTree = "<group>"; };
		3DE8B55FC24105A0D6D9E30C /* DarkroomTheme.swift */ = {isa = PBXFileReference; lastKnownFileType = sourcecode.swift; path = DarkroomTheme.swift; sourceTree = "<group>"; };
		4AE9E95DE5571028873EC4AF /* HomeView.swift */ = {isa = PBXFileReference; lastKnownFileType = sourcecode.swift; path = HomeView.swift; sourceTree = "<group>"; };
		4EC8E29E5727D563671A025E /* EtsyOAuthConfig.swift */ = {isa = PBXFileReference; lastKnownFileType = sourcecode.swift; path = EtsyOAuthConfig.swift; sourceTree = "<group>"; };
		4F37C5BE7AD5640A0A18BF3E /* ListingQueueSupport.swift */ = {isa = PBXFileReference; lastKnownFileType = sourcecode.swift; path = ListingQueueSupport.swift; sourceTree = "<group>"; };
		527E1C2043B1047520D68D7F /* ActivityShareView.swift */ = {isa = PBXFileReference; lastKnownFileType = sourcecode.swift; path = ActivityShareView.swift; sourceTree = "<group>"; };
		5B5B9C85A8EDD77D3B1F7922 /* BulkEditSupport.swift */ = {isa = PBXFileReference; lastKnownFileType = sourcecode.swift; path = BulkEditSupport.swift; sourceTree = "<group>"; };
		5C627738D775232976F1DA7E /* SellerDefaultsSettingsSection.swift */ = {isa = PBXFileReference; lastKnownFileType = sourcecode.swift; path = SellerDefaultsSettingsSection.swift; sourceTree = "<group>"; };
		5C68E38A2BCFD243B657D1D5 /* OriginalsView.swift */ = {isa = PBXFileReference; lastKnownFileType = sourcecode.swift; path = OriginalsView.swift; sourceTree = "<group>"; };
		5D78441D87AC5BB31B58B368 /* EtsyShopSettingsSection.swift */ = {isa = PBXFileReference; lastKnownFileType = sourcecode.swift; path = EtsyShopSettingsSection.swift; sourceTree = "<group>"; };
		60678C8A0E19EFB9ED12A39B /* Phase26BatchExportTests.swift */ = {isa = PBXFileReference; lastKnownFileType = sourcecode.swift; path = Phase26BatchExportTests.swift; sourceTree = "<group>"; };
		632185323A43BD606EFD9DD4 /* AIListingProvider.swift */ = {isa = PBXFileReference; lastKnownFileType = sourcecode.swift; path = AIListingProvider.swift; sourceTree = "<group>"; };
		6485F76F5CDD0A11BF183D6D /* ListingPackage.swift */ = {isa = PBXFileReference; lastKnownFileType = sourcecode.swift; path = ListingPackage.swift; sourceTree = "<group>"; };
		71A94BD4FA56A0BA330EAC11 /* ProjectCameraCaptureView.swift */ = {isa = PBXFileReference; lastKnownFileType = sourcecode.swift; path = ProjectCameraCaptureView.swift; sourceTree = "<group>"; };
		73CCB463D9F8954A41B30389 /* KeychainEtsyCredentialStore.swift */ = {isa = PBXFileReference; lastKnownFileType = sourcecode.swift; path = KeychainEtsyCredentialStore.swift; sourceTree = "<group>"; };
		78FF14417E2842656688CB66 /* ImageEditing.swift */ = {isa = PBXFileReference; lastKnownFileType = sourcecode.swift; path = ImageEditing.swift; sourceTree = "<group>"; };
		7A0073A2C74962620DD93245 /* ListingInformationView.swift */ = {isa = PBXFileReference; lastKnownFileType = sourcecode.swift; path = ListingInformationView.swift; sourceTree = "<group>"; };
		7AE5A580A0135FC74238334A /* ListingQueueView.swift */ = {isa = PBXFileReference; lastKnownFileType = sourcecode.swift; path = ListingQueueView.swift; sourceTree = "<group>"; };
		81FA21B8B16095F02340C96B /* ProductIntakeView.swift */ = {isa = PBXFileReference; lastKnownFileType = sourcecode.swift; path = ProductIntakeView.swift; sourceTree = "<group>"; };
		8A72562DFA79CD8E3BAF2377 /* Phase32ProductIntakeTests.swift */ = {isa = PBXFileReference; lastKnownFileType = sourcecode.swift; path = Phase32ProductIntakeTests.swift; sourceTree = "<group>"; };
		B7E4D91A2C5F8046E1A93D20 /* Phase33SellerExportPresetClarityTests.swift */ = {isa = PBXFileReference; lastKnownFileType = sourcecode.swift; path = Phase33SellerExportPresetClarityTests.swift; sourceTree = "<group>"; };
		D4C34E0C9D2B7A815E604C33 /* Phase34ExportCanvasCheckTests.swift */ = {isa = PBXFileReference; lastKnownFileType = sourcecode.swift; path = Phase34ExportCanvasCheckTests.swift; sourceTree = "<group>"; };
		D1A35B2D8E5C0132A7B96D46 /* Phase35SellerFirstNavigationTests.swift */ = {isa = PBXFileReference; lastKnownFileType = sourcecode.swift; path = Phase35SellerFirstNavigationTests.swift; sourceTree = "<group>"; };
		C2C36D4E9F6A1243B8C07E57 /* Phase36VerifiedMarketplaceExportPresetsTests.swift */ = {isa = PBXFileReference; lastKnownFileType = sourcecode.swift; path = Phase36VerifiedMarketplaceExportPresetsTests.swift; sourceTree = "<group>"; };
		F7A37F19C8D2045B6E07F68A /* Phase37ExportFitModeTests.swift */ = {isa = PBXFileReference; lastKnownFileType = sourcecode.swift; path = Phase37ExportFitModeTests.swift; sourceTree = "<group>"; };
		D8B38F21E2F5067D8A29B012 /* Phase38FillCropRepositionTests.swift */ = {isa = PBXFileReference; lastKnownFileType = sourcecode.swift; path = Phase38FillCropRepositionTests.swift; sourceTree = "<group>"; };
		B9D39B403B7289F0C41D234E /* Phase39MarketplaceExportExpansionTests.swift */ = {isa = PBXFileReference; lastKnownFileType = sourcecode.swift; path = Phase39MarketplaceExportExpansionTests.swift; sourceTree = "<group>"; };
		B9D40B413C8390A1D52E345F /* Phase40ExportBatchHistoryTests.swift */ = {isa = PBXFileReference; lastKnownFileType = sourcecode.swift; path = Phase40ExportBatchHistoryTests.swift; sourceTree = "<group>"; };
		B9D41B423D94A1B2E63F4560 /* Phase41ExportHistoryFiltersCompareTests.swift */ = {isa = PBXFileReference; lastKnownFileType = sourcecode.swift; path = Phase41ExportHistoryFiltersCompareTests.swift; sourceTree = "<group>"; };
		C35A0B1C7D4E9021F6A85C35 /* SellerNavigationSupport.swift */ = {isa = PBXFileReference; lastKnownFileType = sourcecode.swift; path = SellerNavigationSupport.swift; sourceTree = "<group>"; };
		97EEA04BA7B6FA559052DC45 /* ItemProject.swift */ = {isa = PBXFileReference; lastKnownFileType = sourcecode.swift; path = ItemProject.swift; sourceTree = "<group>"; };
		9CE183516F25380F56C12048 /* Phase27ListingWorkspaceTests.swift */ = {isa = PBXFileReference; lastKnownFileType = sourcecode.swift; path = Phase27ListingWorkspaceTests.swift; sourceTree = "<group>"; };
		A10B75773A5CCD794585AA14 /* ImportView.swift */ = {isa = PBXFileReference; lastKnownFileType = sourcecode.swift; path = ImportView.swift; sourceTree = "<group>"; };
		A71AA6F7AE79A72B0BD6E5E4 /* HistoryView.swift */ = {isa = PBXFileReference; lastKnownFileType = sourcecode.swift; path = HistoryView.swift; sourceTree = "<group>"; };
		ACF84D49672B068C0B6DCB6C /* ListingExport.swift */ = {isa = PBXFileReference; lastKnownFileType = sourcecode.swift; path = ListingExport.swift; sourceTree = "<group>"; };
		BA1B330994CDA7B6764522D4 /* PhotoPlanSupport.swift */ = {isa = PBXFileReference; lastKnownFileType = sourcecode.swift; path = PhotoPlanSupport.swift; sourceTree = "<group>"; };
		BA91391F1DC702D2DEE14F4A /* Yofai.app */ = {isa = PBXFileReference; includeInIndex = 0; lastKnownFileType = wrapper.application; path = Yofai.app; sourceTree = BUILT_PRODUCTS_DIR; };
		BFBCC2E77ABF1EFB4C8F41FE /* SellerDefaults.swift */ = {isa = PBXFileReference; lastKnownFileType = sourcecode.swift; path = SellerDefaults.swift; sourceTree = "<group>"; };
		C0B8427BE901DB4798F39B72 /* OriginalDetailView.swift */ = {isa = PBXFileReference; lastKnownFileType = sourcecode.swift; path = OriginalDetailView.swift; sourceTree = "<group>"; };
		C4A655C173817CF80C2BE2CE /* PhotoEditState.swift */ = {isa = PBXFileReference; lastKnownFileType = sourcecode.swift; path = PhotoEditState.swift; sourceTree = "<group>"; };
		C8C102A8BE99576F4E682AB5 /* MockEtsyConnectionService.swift */ = {isa = PBXFileReference; lastKnownFileType = sourcecode.swift; path = MockEtsyConnectionService.swift; sourceTree = "<group>"; };
		CB010C324DDD0EC29CAAB723 /* StubEtsyConnectionService.swift */ = {isa = PBXFileReference; lastKnownFileType = sourcecode.swift; path = StubEtsyConnectionService.swift; sourceTree = "<group>"; };
		CD44AB8EAAA06AFD83F0AC72 /* Phase28SellerDefaultsTests.swift */ = {isa = PBXFileReference; lastKnownFileType = sourcecode.swift; path = Phase28SellerDefaultsTests.swift; sourceTree = "<group>"; };
		D4EDC252ED2FD43DA3FF2FC2 /* HistoryDetailView.swift */ = {isa = PBXFileReference; lastKnownFileType = sourcecode.swift; path = HistoryDetailView.swift; sourceTree = "<group>"; };
		D9A2BBD4AE031D21A7AEFEED /* ProjectDetailView.swift */ = {isa = PBXFileReference; lastKnownFileType = sourcecode.swift; path = ProjectDetailView.swift; sourceTree = "<group>"; };
		DE196A020E7CCA6FD2305243 /* Phase29BulkEditAndPackageTests.swift */ = {isa = PBXFileReference; lastKnownFileType = sourcecode.swift; path = Phase29BulkEditAndPackageTests.swift; sourceTree = "<group>"; };
		E51C5326458F9E10E5524213 /* YofaiModelSchema.swift */ = {isa = PBXFileReference; lastKnownFileType = sourcecode.swift; path = YofaiModelSchema.swift; sourceTree = "<group>"; };
		EA17D35E6CA934AC7DC75465 /* Phase24EtsyConnectionTests.swift */ = {isa = PBXFileReference; lastKnownFileType = sourcecode.swift; path = Phase24EtsyConnectionTests.swift; sourceTree = "<group>"; };
		EAF7E07AA3165CE87450949A /* ListingWorkspaceView.swift */ = {isa = PBXFileReference; lastKnownFileType = sourcecode.swift; path = ListingWorkspaceView.swift; sourceTree = "<group>"; };
		EB0FED065E54BEA3BC57F39B /* ProjectBatchExporter.swift */ = {isa = PBXFileReference; lastKnownFileType = sourcecode.swift; path = ProjectBatchExporter.swift; sourceTree = "<group>"; };
		EFD55D6B6CE4D9FE8FCDC00D /* SettingsView.swift */ = {isa = PBXFileReference; lastKnownFileType = sourcecode.swift; path = SettingsView.swift; sourceTree = "<group>"; };
		F1656D4924593F22F330434F /* Phase30ListingInformationTests.swift */ = {isa = PBXFileReference; lastKnownFileType = sourcecode.swift; path = Phase30ListingInformationTests.swift; sourceTree = "<group>"; };
		F483BF5F43BC4B35DFF1DDB9 /* ProjectExportBatch.swift */ = {isa = PBXFileReference; lastKnownFileType = sourcecode.swift; path = ProjectExportBatch.swift; sourceTree = "<group>"; };
		F611824C3BEDC74D21636341 /* Phase22PersistenceTests.swift */ = {isa = PBXFileReference; lastKnownFileType = sourcecode.swift; path = Phase22PersistenceTests.swift; sourceTree = "<group>"; };
		F71020D97DFB91E252E64BE5 /* EtsyConnecting.swift */ = {isa = PBXFileReference; lastKnownFileType = sourcecode.swift; path = EtsyConnecting.swift; sourceTree = "<group>"; };
		F98B712D484B5D3EE86F5FE0 /* ContentView.swift */ = {isa = PBXFileReference; lastKnownFileType = sourcecode.swift; path = ContentView.swift; sourceTree = "<group>"; };
/* End PBXFileReference section */

/* Begin PBXGroup section */
		188FB0F469D6BE603D139793 /* Products */ = {
			isa = PBXGroup;
			children = (
				BA91391F1DC702D2DEE14F4A /* Yofai.app */,
				0073766B51CD27E4EA070322 /* YofaiTests.xctest */,
			);
			name = Products;
			sourceTree = "<group>";
		};
		57433A036189677D3003DCB7 /* Yofai */ = {
			isa = PBXGroup;
			children = (
				527E1C2043B1047520D68D7F /* ActivityShareView.swift */,
				348D440EDC63C0DBBA483372 /* AIListingAssistantView.swift */,
				632185323A43BD606EFD9DD4 /* AIListingProvider.swift */,
				39816F3523F3BACAECC17078 /* AIPreparationRecord.swift */,
				0DBDA711F6AF00A20CECD692 /* Assets.xcassets */,
				3A41E878675A94062526BEA0 /* BulkEditPhotosView.swift */,
				5B5B9C85A8EDD77D3B1F7922 /* BulkEditSupport.swift */,
				F98B712D484B5D3EE86F5FE0 /* ContentView.swift */,
				3DE8B55FC24105A0D6D9E30C /* DarkroomTheme.swift */,
				37E39DEAD9D7FB54BC862B66 /* EditView.swift */,
				F71020D97DFB91E252E64BE5 /* EtsyConnecting.swift */,
				31BC0E9FA7F11A894BE8A892 /* EtsyConnectionState.swift */,
				1F229036218D3F74F3E5E6A3 /* EtsyCredentials.swift */,
				4EC8E29E5727D563671A025E /* EtsyOAuthConfig.swift */,
				5D78441D87AC5BB31B58B368 /* EtsyShopSettingsSection.swift */,
				28C1784212753AA8E4F70C92 /* FreeformCropView.swift */,
				B8B38F20D1E4056C7F18A901 /* FillCropRepositionView.swift */,
				F9C39A30F2A6178E9B30C123 /* MarketplaceExportSupport.swift */,
				F9C39A31F2A6178E9B30C124 /* ExportPreviewCard.swift */,
				F9C40A32F3B7289F0C41D235 /* ExportHistorySection.swift */,
				F9C41A33F4C8390A1D52E346 /* ExportHistorySupport.swift */,
				F9C42A34F5A5B2C3D74E5671 /* ExportReadinessChecklistSection.swift */,
				D4EDC252ED2FD43DA3FF2FC2 /* HistoryDetailView.swift */,
				A71AA6F7AE79A72B0BD6E5E4 /* HistoryView.swift */,
				4AE9E95DE5571028873EC4AF /* HomeView.swift */,
				78FF14417E2842656688CB66 /* ImageEditing.swift */,
				2B9C86933ACBA56343122F69 /* ImportedOriginal.swift */,
				A10B75773A5CCD794585AA14 /* ImportView.swift */,
				97EEA04BA7B6FA559052DC45 /* ItemProject.swift */,
				73CCB463D9F8954A41B30389 /* KeychainEtsyCredentialStore.swift */,
				ACF84D49672B068C0B6DCB6C /* ListingExport.swift */,
				1940B653A73AF144809FD83E /* ListingInformationSupport.swift */,
				7A0073A2C74962620DD93245 /* ListingInformationView.swift */,
				6485F76F5CDD0A11BF183D6D /* ListingPackage.swift */,
				2FE44C1F5D51637762E22557 /* ListingQueueEntry.swift */,
				4F37C5BE7AD5640A0A18BF3E /* ListingQueueSupport.swift */,
				7AE5A580A0135FC74238334A /* ListingQueueView.swift */,
				EAF7E07AA3165CE87450949A /* ListingWorkspaceView.swift */,
				02DD5976E6D94F16895084C6 /* LocalEditStore.swift */,
				C8C102A8BE99576F4E682AB5 /* MockEtsyConnectionService.swift */,
				C0B8427BE901DB4798F39B72 /* OriginalDetailView.swift */,
				5C68E38A2BCFD243B657D1D5 /* OriginalsView.swift */,
				C4A655C173817CF80C2BE2CE /* PhotoEditState.swift */,
				BA1B330994CDA7B6764522D4 /* PhotoPlanSupport.swift */,
				81FA21B8B16095F02340C96B /* ProductIntakeView.swift */,
				EB0FED065E54BEA3BC57F39B /* ProjectBatchExporter.swift */,
				71A94BD4FA56A0BA330EAC11 /* ProjectCameraCaptureView.swift */,
				D9A2BBD4AE031D21A7AEFEED /* ProjectDetailView.swift */,
				F483BF5F43BC4B35DFF1DDB9 /* ProjectExportBatch.swift */,
				1A454A110D2B0140A35901E3 /* ProjectsView.swift */,
				2A2F3F0328410ACBFCBFED4A /* SavedEdit.swift */,
				BFBCC2E77ABF1EFB4C8F41FE /* SellerDefaults.swift */,
				5C627738D775232976F1DA7E /* SellerDefaultsSettingsSection.swift */,
				C35A0B1C7D4E9021F6A85C35 /* SellerNavigationSupport.swift */,
				EFD55D6B6CE4D9FE8FCDC00D /* SettingsView.swift */,
				CB010C324DDD0EC29CAAB723 /* StubEtsyConnectionService.swift */,
				013F0E7F2A74F2FCDBB01476 /* YofaiApp.swift */,
				E51C5326458F9E10E5524213 /* YofaiModelSchema.swift */,
			);
			path = Yofai;
			sourceTree = "<group>";
		};
		66757023923A4E0E05CC4676 = {
			isa = PBXGroup;
			children = (
				57433A036189677D3003DCB7 /* Yofai */,
				8FAAA1618F1560809C039D2E /* YofaiTests */,
				188FB0F469D6BE603D139793 /* Products */,
			);
			sourceTree = "<group>";
		};
		8FAAA1618F1560809C039D2E /* YofaiTests */ = {
			isa = PBXGroup;
			children = (
				F611824C3BEDC74D21636341 /* Phase22PersistenceTests.swift */,
				36D43552851F89D8B06BDE18 /* Phase23ListingDraftTests.swift */,
				EA17D35E6CA934AC7DC75465 /* Phase24EtsyConnectionTests.swift */,
				0ABACC088E89419079F48CBD /* Phase25ListingQueueTests.swift */,
				60678C8A0E19EFB9ED12A39B /* Phase26BatchExportTests.swift */,
				9CE183516F25380F56C12048 /* Phase27ListingWorkspaceTests.swift */,
				CD44AB8EAAA06AFD83F0AC72 /* Phase28SellerDefaultsTests.swift */,
				DE196A020E7CCA6FD2305243 /* Phase29BulkEditAndPackageTests.swift */,
				F1656D4924593F22F330434F /* Phase30ListingInformationTests.swift */,
				345AE1E4F9A1186FDB551B4E /* Phase31AIListingAssistantTests.swift */,
				8A72562DFA79CD8E3BAF2377 /* Phase32ProductIntakeTests.swift */,
				B7E4D91A2C5F8046E1A93D20 /* Phase33SellerExportPresetClarityTests.swift */,
				D4C34E0C9D2B7A815E604C33 /* Phase34ExportCanvasCheckTests.swift */,
				D1A35B2D8E5C0132A7B96D46 /* Phase35SellerFirstNavigationTests.swift */,
				C2C36D4E9F6A1243B8C07E57 /* Phase36VerifiedMarketplaceExportPresetsTests.swift */,
				F7A37F19C8D2045B6E07F68A /* Phase37ExportFitModeTests.swift */,
				D8B38F21E2F5067D8A29B012 /* Phase38FillCropRepositionTests.swift */,
				B9D39B403B7289F0C41D234E /* Phase39MarketplaceExportExpansionTests.swift */,
				B9D40B413C8390A1D52E345F /* Phase40ExportBatchHistoryTests.swift */,
				B9D41B423D94A1B2E63F4560 /* Phase41ExportHistoryFiltersCompareTests.swift */,
				B9D42B433EA5B2C3D74E5672 /* Phase42ExportReadinessChecklistTests.swift */,
			);
			path = YofaiTests;
			sourceTree = "<group>";
		};
/* End PBXGroup section */

/* Begin PBXNativeTarget section */
		1C8B0B418F75E0FB7B8DE315 /* YofaiTests */ = {
			isa = PBXNativeTarget;
			buildConfigurationList = E476D039818769B3A7DC7F91 /* Build configuration list for PBXNativeTarget "YofaiTests" */;
			buildPhases = (
				C25F8DDDE7719E2999771DAD /* Sources */,
			);
			buildRules = (
			);
			dependencies = (
				6E90C3FFC40F0381718F2C8B /* PBXTargetDependency */,
			);
			name = YofaiTests;
			packageProductDependencies = (
			);
			productName = YofaiTests;
			productReference = 0073766B51CD27E4EA070322 /* YofaiTests.xctest */;
			productType = "com.apple.product-type.bundle.unit-test";
		};
		CC5163075503A5D923422B41 /* Yofai */ = {
			isa = PBXNativeTarget;
			buildConfigurationList = 2B1F88AF5E329924B4988A4C /* Build configuration list for PBXNativeTarget "Yofai" */;
			buildPhases = (
				3B7FDDCCBDA52336C0A67ACA /* Sources */,
				758C8E605F9A1FFE73FA8B2D /* Resources */,
			);
			buildRules = (
			);
			dependencies = (
			);
			name = Yofai;
			packageProductDependencies = (
			);
			productName = Yofai;
			productReference = BA91391F1DC702D2DEE14F4A /* Yofai.app */;
			productType = "com.apple.product-type.application";
		};
/* End PBXNativeTarget section */

/* Begin PBXProject section */
		290C70EA9D09117AED8F3926 /* Project object */ = {
			isa = PBXProject;
			attributes = {
				BuildIndependentTargetsInParallel = YES;
				LastUpgradeCheck = 1600;
				TargetAttributes = {
				};
			};
			buildConfigurationList = 856E9F0154ED701493521DFB /* Build configuration list for PBXProject "Yofai" */;
			developmentRegion = en;
			hasScannedForEncodings = 0;
			knownRegions = (
				Base,
				en,
			);
			mainGroup = 66757023923A4E0E05CC4676;
			minimizedProjectReferenceProxies = 1;
			preferredProjectObjectVersion = 77;
			productRefGroup = 188FB0F469D6BE603D139793 /* Products */;
			projectDirPath = "";
			projectRoot = "";
			targets = (
				CC5163075503A5D923422B41 /* Yofai */,
				1C8B0B418F75E0FB7B8DE315 /* YofaiTests */,
			);
		};
/* End PBXProject section */

/* Begin PBXResourcesBuildPhase section */
		758C8E605F9A1FFE73FA8B2D /* Resources */ = {
			isa = PBXResourcesBuildPhase;
			buildActionMask = 2147483647;
			files = (
				A977E30A15925B3E2AFE7887 /* Assets.xcassets in Resources */,
			);
			runOnlyForDeploymentPostprocessing = 0;
		};
/* End PBXResourcesBuildPhase section */

/* Begin PBXSourcesBuildPhase section */
		3B7FDDCCBDA52336C0A67ACA /* Sources */ = {
			isa = PBXSourcesBuildPhase;
			buildActionMask = 2147483647;
			files = (
				6723677C989976B29DD63F74 /* AIListingAssistantView.swift in Sources */,
				8DFA0353A73BB5ABC394FA3F /* AIListingProvider.swift in Sources */,
				816E36811A358FC47422DA3E /* AIPreparationRecord.swift in Sources */,
				41AD913F4814BE8021B5754A /* ActivityShareView.swift in Sources */,
				A406B4A5BD124E5F12E27CD9 /* BulkEditPhotosView.swift in Sources */,
				F786C905F860BFCE15CD77F8 /* BulkEditSupport.swift in Sources */,
				73E5BBB1BAC9B18691F7B1CA /* ContentView.swift in Sources */,
				2DBB1B09450A8BE6BF50DBB2 /* DarkroomTheme.swift in Sources */,
				92A428B73276C887EE16D2AE /* EditView.swift in Sources */,
				A05E5607B533CDC8750C3345 /* EtsyConnecting.swift in Sources */,
				D9C0F377A1F4F73F3C76293C /* EtsyConnectionState.swift in Sources */,
				6120911F9FEA18ADFC924D81 /* EtsyCredentials.swift in Sources */,
				68B2E3CE1F17E60737386845 /* EtsyOAuthConfig.swift in Sources */,
				E213D657A70F232B0F015B1A /* EtsyShopSettingsSection.swift in Sources */,
				F3F30DE5B9C50F815D7B60AF /* FreeformCropView.swift in Sources */,
				A8B38F20D1E4056C7F18A901 /* FillCropRepositionView.swift in Sources */,
				E9C39A30F2A6178E9B30C123 /* MarketplaceExportSupport.swift in Sources */,
				E9C39A31F2A6178E9B30C124 /* ExportPreviewCard.swift in Sources */,
				E9C40A32F3B7289F0C41D235 /* ExportHistorySection.swift in Sources */,
				E9C41A33F4C8390A1D52E346 /* ExportHistorySupport.swift in Sources */,
				E9C42A34F5A5B2C3D74E5671 /* ExportReadinessChecklistSection.swift in Sources */,
				13BCC10E2C1CAA3689C3E672 /* HistoryDetailView.swift in Sources */,
				20C0DB8564D9A4846982AD22 /* HistoryView.swift in Sources */,
				42CB7915D48665E9ECD06B44 /* HomeView.swift in Sources */,
				6AB2C52EDC7BCAE31F103407 /* ImageEditing.swift in Sources */,
				A282122F20C3F9470491399F /* ImportView.swift in Sources */,
				2177950BC7FA894C3B3ACBDB /* ImportedOriginal.swift in Sources */,
				A18D69787D889F99178B30B0 /* ItemProject.swift in Sources */,
				186A9D494D39DE24C0A2F064 /* KeychainEtsyCredentialStore.swift in Sources */,
				5D17450C661960970907DB91 /* ListingExport.swift in Sources */,
				989330557265DF546AB548A8 /* ListingInformationSupport.swift in Sources */,
				38274EE9F9337528E8075207 /* ListingInformationView.swift in Sources */,
				697A57C8E81EA9212186273D /* ListingPackage.swift in Sources */,
				1C3DCE8327B605606DDDAD99 /* ListingQueueEntry.swift in Sources */,
				C68CBDA02767C26AE4ACF140 /* ListingQueueSupport.swift in Sources */,
				1A064F5E4FE6B962F06F9AA6 /* ListingQueueView.swift in Sources */,
				B5431083A4397055CD778A0D /* ListingWorkspaceView.swift in Sources */,
				853A21D5167D96CAE1517B09 /* LocalEditStore.swift in Sources */,
				B492C2E931E3CA51E4936D28 /* MockEtsyConnectionService.swift in Sources */,
				AD9AE07102BD7F5E5CDC19F0 /* OriginalDetailView.swift in Sources */,
				F37541F4B0D0AE123620B14F /* OriginalsView.swift in Sources */,
				6E1C48CD52304058FDDF0E3D /* PhotoEditState.swift in Sources */,
				2973872DBEDFF649CA9E828F /* PhotoPlanSupport.swift in Sources */,
				C29C38D08CF8024286B00AB9 /* ProductIntakeView.swift in Sources */,
				FADF9F3019C73426C062D788 /* ProjectBatchExporter.swift in Sources */,
				681E3CE88EB8305436BDDF11 /* ProjectCameraCaptureView.swift in Sources */,
				62D1568666E7DDA1F7A1A305 /* ProjectDetailView.swift in Sources */,
				EBC5B8BE765326802B1DCCF7 /* ProjectExportBatch.swift in Sources */,
				9B36B7A23DFC2D3A45812F6B /* ProjectsView.swift in Sources */,
				83EB9B6BBDED5974EADABE43 /* SavedEdit.swift in Sources */,
				3A41044C5E734D54DAD3B1EA /* SellerDefaults.swift in Sources */,
				7E16A03B764012C42482C6F9 /* SellerDefaultsSettingsSection.swift in Sources */,
				E35A0B1C7D4E9021F6A85C35 /* SellerNavigationSupport.swift in Sources */,
				46F08E9EC63C9510FA8487A7 /* SettingsView.swift in Sources */,
				8382F30329CA249C13D7C767 /* StubEtsyConnectionService.swift in Sources */,
				F544B5403F50164293B87F83 /* YofaiApp.swift in Sources */,
				C3B6FAB768E66AA2D4DC7AB0 /* YofaiModelSchema.swift in Sources */,
			);
			runOnlyForDeploymentPostprocessing = 0;
		};
		C25F8DDDE7719E2999771DAD /* Sources */ = {
			isa = PBXSourcesBuildPhase;
			buildActionMask = 2147483647;
			files = (
				6D32F508728D05BDC7D2A55F /* Phase22PersistenceTests.swift in Sources */,
				93BB959091B7B796D23C25B2 /* Phase23ListingDraftTests.swift in Sources */,
				A505992543C603AB3A9D960C /* Phase24EtsyConnectionTests.swift in Sources */,
				2CA9E2EF9EB2ADD3996498D3 /* Phase25ListingQueueTests.swift in Sources */,
				E08F79CBDB34E00E032A5C10 /* Phase26BatchExportTests.swift in Sources */,
				147F5BFD6741CAF308020B15 /* Phase27ListingWorkspaceTests.swift in Sources */,
				7A34D33F1A52A53428C6FB53 /* Phase28SellerDefaultsTests.swift in Sources */,
				EA1720C3543EA076667F02FF /* Phase29BulkEditAndPackageTests.swift in Sources */,
				34F526F95E691946E58EB149 /* Phase30ListingInformationTests.swift in Sources */,
				33D8915A5A3DEF67AF15FB51 /* Phase31AIListingAssistantTests.swift in Sources */,
				434BCC956070908A35127B78 /* Phase32ProductIntakeTests.swift in Sources */,
				46A91C2E8F0B4D1A9C7E3B55 /* Phase33SellerExportPresetClarityTests.swift in Sources */,
				A1F34E0C9D2B7A815E604C33 /* Phase34ExportCanvasCheckTests.swift in Sources */,
				F1A35B2D8E5C0132A7B96D46 /* Phase35SellerFirstNavigationTests.swift in Sources */,
				B2C36D4E9F6A1243B8C07E57 /* Phase36VerifiedMarketplaceExportPresetsTests.swift in Sources */,
				E7A37F19C8D2045B6E07F68A /* Phase37ExportFitModeTests.swift in Sources */,
				C8B38F21E2F5067D8A29B012 /* Phase38FillCropRepositionTests.swift in Sources */,
				A9D39B403B7289F0C41D234E /* Phase39MarketplaceExportExpansionTests.swift in Sources */,
				A9D40B413C8390A1D52E345F /* Phase40ExportBatchHistoryTests.swift in Sources */,
				A9D41B423D94A1B2E63F4560 /* Phase41ExportHistoryFiltersCompareTests.swift in Sources */,
				A9D42B433EA5B2C3D74E5672 /* Phase42ExportReadinessChecklistTests.swift in Sources */,
			);
			runOnlyForDeploymentPostprocessing = 0;
		};
/* End PBXSourcesBuildPhase section */

/* Begin PBXTargetDependency section */
		6E90C3FFC40F0381718F2C8B /* PBXTargetDependency */ = {
			isa = PBXTargetDependency;
			target = CC5163075503A5D923422B41 /* Yofai */;
			targetProxy = A2B9092B4CDD1BF2C478DAD8 /* PBXContainerItemProxy */;
		};
/* End PBXTargetDependency section */

/* Begin XCBuildConfiguration section */
		3744CB6DE2B1816B7A55161B /* Release */ = {
			isa = XCBuildConfiguration;
			buildSettings = {
				ASSETCATALOG_COMPILER_APPICON_NAME = AppIcon;
				ASSETCATALOG_COMPILER_GLOBAL_ACCENT_COLOR_NAME = AccentColor;
				CODE_SIGN_IDENTITY = "iPhone Developer";
				CURRENT_PROJECT_VERSION = 1;
				ENABLE_TESTABILITY = YES;
				GENERATE_INFOPLIST_FILE = YES;
				INFOPLIST_FILE = Yofai/Info.plist;
				LD_RUNPATH_SEARCH_PATHS = (
					"$(inherited)",
					"@executable_path/Frameworks",
				);
				MARKETING_VERSION = 1.0;
				PRODUCT_BUNDLE_IDENTIFIER = com.shawnwright.yofai;
				PRODUCT_NAME = Yofai;
				SDKROOT = iphoneos;
				SUPPORTS_MAC_DESIGNED_FOR_IPHONE_IPAD = NO;
				SUPPORTS_XR_DESIGNED_FOR_IPHONE_IPAD = NO;
				SWIFT_STRICT_CONCURRENCY = complete;
				TARGETED_DEVICE_FAMILY = 1;
			};
			name = Release;
		};
		5798F25BA19209FBA799589A /* Debug */ = {
			isa = XCBuildConfiguration;
			buildSettings = {
				ASSETCATALOG_COMPILER_APPICON_NAME = AppIcon;
				ASSETCATALOG_COMPILER_GLOBAL_ACCENT_COLOR_NAME = AccentColor;
				CODE_SIGN_IDENTITY = "iPhone Developer";
				CURRENT_PROJECT_VERSION = 1;
				ENABLE_TESTABILITY = YES;
				GENERATE_INFOPLIST_FILE = YES;
				INFOPLIST_FILE = Yofai/Info.plist;
				LD_RUNPATH_SEARCH_PATHS = (
					"$(inherited)",
					"@executable_path/Frameworks",
				);
				MARKETING_VERSION = 1.0;
				PRODUCT_BUNDLE_IDENTIFIER = com.shawnwright.yofai;
				PRODUCT_NAME = Yofai;
				SDKROOT = iphoneos;
				SUPPORTS_MAC_DESIGNED_FOR_IPHONE_IPAD = NO;
				SUPPORTS_XR_DESIGNED_FOR_IPHONE_IPAD = NO;
				SWIFT_STRICT_CONCURRENCY = complete;
				TARGETED_DEVICE_FAMILY = 1;
			};
			name = Debug;
		};
		764209ED81E1E0099E1312F1 /* Debug */ = {
			isa = XCBuildConfiguration;
			buildSettings = {
				ALWAYS_SEARCH_USER_PATHS = NO;
				CLANG_ANALYZER_NONNULL = YES;
				CLANG_ANALYZER_NUMBER_OBJECT_CONVERSION = YES_AGGRESSIVE;
				CLANG_CXX_LANGUAGE_STANDARD = "gnu++14";
				CLANG_CXX_LIBRARY = "libc++";
				CLANG_ENABLE_MODULES = YES;
				CLANG_ENABLE_OBJC_ARC = YES;
				CLANG_ENABLE_OBJC_WEAK = YES;
				CLANG_WARN_BLOCK_CAPTURE_AUTORELEASING = YES;
				CLANG_WARN_BOOL_CONVERSION = YES;
				CLANG_WARN_COMMA = YES;
				CLANG_WARN_CONSTANT_CONVERSION = YES;
				CLANG_WARN_DEPRECATED_OBJC_IMPLEMENTATIONS = YES;
				CLANG_WARN_DIRECT_OBJC_ISA_USAGE = YES_ERROR;
				CLANG_WARN_DOCUMENTATION_COMMENTS = YES;
				CLANG_WARN_EMPTY_BODY = YES;
				CLANG_WARN_ENUM_CONVERSION = YES;
				CLANG_WARN_INFINITE_RECURSION = YES;
				CLANG_WARN_INT_CONVERSION = YES;
				CLANG_WARN_NON_LITERAL_NULL_CONVERSION = YES;
				CLANG_WARN_OBJC_IMPLICIT_RETAIN_SELF = YES;
				CLANG_WARN_OBJC_LITERAL_CONVERSION = YES;
				CLANG_WARN_OBJC_ROOT_CLASS = YES_ERROR;
				CLANG_WARN_QUOTED_INCLUDE_IN_FRAMEWORK_HEADER = YES;
				CLANG_WARN_RANGE_LOOP_ANALYSIS = YES;
				CLANG_WARN_STRICT_PROTOTYPES = YES;
				CLANG_WARN_SUSPICIOUS_MOVE = YES;
				CLANG_WARN_UNGUARDED_AVAILABILITY = YES_AGGRESSIVE;
				CLANG_WARN_UNREACHABLE_CODE = YES;
				CLANG_WARN__DUPLICATE_METHOD_MATCH = YES;
				COPY_PHASE_STRIP = NO;
				DEBUG_INFORMATION_FORMAT = dwarf;
				ENABLE_STRICT_OBJC_MSGSEND = YES;
				ENABLE_TESTABILITY = YES;
				GCC_C_LANGUAGE_STANDARD = gnu11;
				GCC_DYNAMIC_NO_PIC = NO;
				GCC_NO_COMMON_BLOCKS = YES;
				GCC_OPTIMIZATION_LEVEL = 0;
				GCC_PREPROCESSOR_DEFINITIONS = (
					"$(inherited)",
					"DEBUG=1",
				);
				GCC_WARN_64_TO_32_BIT_CONVERSION = YES;
				GCC_WARN_ABOUT_RETURN_TYPE = YES_ERROR;
				GCC_WARN_UNDECLARED_SELECTOR = YES;
				GCC_WARN_UNINITIALIZED_AUTOS = YES_AGGRESSIVE;
				GCC_WARN_UNUSED_FUNCTION = YES;
				GCC_WARN_UNUSED_VARIABLE = YES;
				IPHONEOS_DEPLOYMENT_TARGET = 17.0;
				MTL_ENABLE_DEBUG_INFO = INCLUDE_SOURCE;
				MTL_FAST_MATH = YES;
				ONLY_ACTIVE_ARCH = YES;
				PRODUCT_NAME = "$(TARGET_NAME)";
				SDKROOT = iphoneos;
				SWIFT_ACTIVE_COMPILATION_CONDITIONS = DEBUG;
				SWIFT_OPTIMIZATION_LEVEL = "-Onone";
				SWIFT_VERSION = 5.0;
				TARGETED_DEVICE_FAMILY = 1;
			};
			name = Debug;
		};
		8B548E599A4163DD51A9DC01 /* Debug */ = {
			isa = XCBuildConfiguration;
			buildSettings = {
				BUNDLE_LOADER = "$(TEST_HOST)";
				GENERATE_INFOPLIST_FILE = YES;
				LD_RUNPATH_SEARCH_PATHS = (
					"$(inherited)",
					"@executable_path/Frameworks",
					"@loader_path/Frameworks",
				);
				PRODUCT_BUNDLE_IDENTIFIER = com.shawnwright.yofai.tests;
				SDKROOT = iphoneos;
				TARGETED_DEVICE_FAMILY = 1;
				TEST_HOST = "$(BUILT_PRODUCTS_DIR)/Yofai.app/Yofai";
			};
			name = Debug;
		};
		9A354F6C5649A46725E7241B /* Release */ = {
			isa = XCBuildConfiguration;
			buildSettings = {
				ALWAYS_SEARCH_USER_PATHS = NO;
				CLANG_ANALYZER_NONNULL = YES;
				CLANG_ANALYZER_NUMBER_OBJECT_CONVERSION = YES_AGGRESSIVE;
				CLANG_CXX_LANGUAGE_STANDARD = "gnu++14";
				CLANG_CXX_LIBRARY = "libc++";
				CLANG_ENABLE_MODULES = YES;
				CLANG_ENABLE_OBJC_ARC = YES;
				CLANG_ENABLE_OBJC_WEAK = YES;
				CLANG_WARN_BLOCK_CAPTURE_AUTORELEASING = YES;
				CLANG_WARN_BOOL_CONVERSION = YES;
				CLANG_WARN_COMMA = YES;
				CLANG_WARN_CONSTANT_CONVERSION = YES;
				CLANG_WARN_DEPRECATED_OBJC_IMPLEMENTATIONS = YES;
				CLANG_WARN_DIRECT_OBJC_ISA_USAGE = YES_ERROR;
				CLANG_WARN_DOCUMENTATION_COMMENTS = YES;
				CLANG_WARN_EMPTY_BODY = YES;
				CLANG_WARN_ENUM_CONVERSION = YES;
				CLANG_WARN_INFINITE_RECURSION = YES;
				CLANG_WARN_INT_CONVERSION = YES;
				CLANG_WARN_NON_LITERAL_NULL_CONVERSION = YES;
				CLANG_WARN_OBJC_IMPLICIT_RETAIN_SELF = YES;
				CLANG_WARN_OBJC_LITERAL_CONVERSION = YES;
				CLANG_WARN_OBJC_ROOT_CLASS = YES_ERROR;
				CLANG_WARN_QUOTED_INCLUDE_IN_FRAMEWORK_HEADER = YES;
				CLANG_WARN_RANGE_LOOP_ANALYSIS = YES;
				CLANG_WARN_STRICT_PROTOTYPES = YES;
				CLANG_WARN_SUSPICIOUS_MOVE = YES;
				CLANG_WARN_UNGUARDED_AVAILABILITY = YES_AGGRESSIVE;
				CLANG_WARN_UNREACHABLE_CODE = YES;
				CLANG_WARN__DUPLICATE_METHOD_MATCH = YES;
				COPY_PHASE_STRIP = NO;
				DEBUG_INFORMATION_FORMAT = "dwarf-with-dsym";
				ENABLE_NS_ASSERTIONS = NO;
				ENABLE_STRICT_OBJC_MSGSEND = YES;
				GCC_C_LANGUAGE_STANDARD = gnu11;
				GCC_NO_COMMON_BLOCKS = YES;
				GCC_WARN_64_TO_32_BIT_CONVERSION = YES;
				GCC_WARN_ABOUT_RETURN_TYPE = YES_ERROR;
				GCC_WARN_UNDECLARED_SELECTOR = YES;
				GCC_WARN_UNINITIALIZED_AUTOS = YES_AGGRESSIVE;
				GCC_WARN_UNUSED_FUNCTION = YES;
				GCC_WARN_UNUSED_VARIABLE = YES;
				IPHONEOS_DEPLOYMENT_TARGET = 17.0;
				MTL_ENABLE_DEBUG_INFO = NO;
				MTL_FAST_MATH = YES;
				PRODUCT_NAME = "$(TARGET_NAME)";
				SDKROOT = iphoneos;
				SWIFT_COMPILATION_MODE = wholemodule;
				SWIFT_OPTIMIZATION_LEVEL = "-O";
				SWIFT_VERSION = 5.0;
				TARGETED_DEVICE_FAMILY = 1;
			};
			name = Release;
		};
		CC1CC4525C867E9E4CB5F73F /* Release */ = {
			isa = XCBuildConfiguration;
			buildSettings = {
				BUNDLE_LOADER = "$(TEST_HOST)";
				GENERATE_INFOPLIST_FILE = YES;
				LD_RUNPATH_SEARCH_PATHS = (
					"$(inherited)",
					"@executable_path/Frameworks",
					"@loader_path/Frameworks",
				);
				PRODUCT_BUNDLE_IDENTIFIER = com.shawnwright.yofai.tests;
				SDKROOT = iphoneos;
				TARGETED_DEVICE_FAMILY = 1;
				TEST_HOST = "$(BUILT_PRODUCTS_DIR)/Yofai.app/Yofai";
			};
			name = Release;
		};
/* End XCBuildConfiguration section */

/* Begin XCConfigurationList section */
		2B1F88AF5E329924B4988A4C /* Build configuration list for PBXNativeTarget "Yofai" */ = {
			isa = XCConfigurationList;
			buildConfigurations = (
				5798F25BA19209FBA799589A /* Debug */,
				3744CB6DE2B1816B7A55161B /* Release */,
			);
			defaultConfigurationIsVisible = 0;
			defaultConfigurationName = Debug;
		};
		856E9F0154ED701493521DFB /* Build configuration list for PBXProject "Yofai" */ = {
			isa = XCConfigurationList;
			buildConfigurations = (
				764209ED81E1E0099E1312F1 /* Debug */,
				9A354F6C5649A46725E7241B /* Release */,
			);
			defaultConfigurationIsVisible = 0;
			defaultConfigurationName = Debug;
		};
		E476D039818769B3A7DC7F91 /* Build configuration list for PBXNativeTarget "YofaiTests" */ = {
			isa = XCConfigurationList;
			buildConfigurations = (
				8B548E599A4163DD51A9DC01 /* Debug */,
				CC1CC4525C867E9E4CB5F73F /* Release */,
			);
			defaultConfigurationIsVisible = 0;
			defaultConfigurationName = Debug;
		};
/* End XCConfigurationList section */
	};
	rootObject = 290C70EA9D09117AED8F3926 /* Project object */;
}
